{
  "lockfile_version": "1",
  "packages": {
    "air@latest": {
      "last_modified": "2025-06-20T02:24:11Z",
      "resolved": "github:NixOS/nixpkgs/076e8c6678d8c54204abcb4b1b14c366835a58bb#air",
      "source": "devbox-search",
      "version": "1.62.0",
      "systems": {
        "aarch64-darwin": {
          "outputs": [
            {
              "name": "out",
              "path": "/nix/store/bpjzkhqv1s1hb2h0djqv16wbw88fxilk-air-1.62.0",
              "default": true
            }
          ],
          "store_path": "/nix/store/bpjzkhqv1s1hb2h0djqv16wbw88fxilk-air-1.62.0"
        },
        "aarch64-linux": {
          "outputs": [
            {
              "name": "out",
              "path": "/nix/store/ydf6f3lwhm6y6kw0k17ij6gyvib26d5v-air-1.62.0",
              "default": true
            }
          ],
          "store_path": "/nix/store/ydf6f3lwhm6y6kw0k17ij6gyvib26d5v-air-1.62.0"
        },
        "x86_64-darwin": {
          "outputs": [
            {
              "name": "out",
              "path": "/nix/store/2zjsp0rqwarfdsfchv6syqci36iwi4cb-air-1.62.0",
              "default": true
            }
          ],
          "store_path": "/nix/store/2zjsp0rqwarfdsfchv6syqci36iwi4cb-air-1.62.0"
        },
        "x86_64-linux": {
          "outputs": [
            {
              "name": "out",
              "path": "/nix/store/vh0vmdiv8xkz1r9cb57iyfrs7gg3zsqw-air-1.62.0",
              "default": true
            }
          ],
          "store_path": "/nix/store/vh0vmdiv8xkz1r9cb57iyfrs7gg3zsqw-air-1.62.0"
        }
      }
    },
    "github:NixOS/nixpkgs/nixpkgs-unstable": {
      "resolved": "github:NixOS/nixpkgs/472908faa934435cf781ae8fac77291af3d137d3?lastModified=1751596331"
    },
    "go@latest": {
      "last_modified": "2025-06-20T02:24:11Z",
      "resolved": "github:NixOS/nixpkgs/076e8c6678d8c54204abcb4b1b14c366835a58bb#go",
      "source": "devbox-search",
      "version": "1.24.4",
      "systems": {
        "aarch64-darwin": {
          "outputs": [
            {
              "name": "out",
              "path": "/nix/store/rq7irijkj3nhapmjcv9d96xgkisj55x2-go-1.24.4",
              "default": true
            }
          ],
          "store_path": "/nix/store/rq7irijkj3nhapmjcv9d96xgkisj55x2-go-1.24.4"
        },
        "aarch64-linux": {
          "outputs": [
            {
              "name": "out",
              "path": "/nix/store/9f64p4ip4iz2nba4wyhn1baq6b6pb6ss-go-1.24.4",
              "default": true
            }
          ],
          "store_path": "/nix/store/9f64p4ip4iz2nba4wyhn1baq6b6pb6ss-go-1.24.4"
        },
        "x86_64-darwin": {
          "outputs": [
            {
              "name": "out",
              "path": "/nix/store/n0gqcdpdk0ap2ikasi36r0szwpk2g35q-go-1.24.4",
              "default": true
            }
          ],
          "store_path": "/nix/store/n0gqcdpdk0ap2ikasi36r0szwpk2g35q-go-1.24.4"
        },
        "x86_64-linux": {
          "outputs": [
            {
              "name": "out",
              "path": "/nix/store/mdn9hnvf0qmxywbrpbywmxww2adxdn5v-go-1.24.4",
              "default": true
            }
          ],
          "store_path": "/nix/store/mdn9hnvf0qmxywbrpbywmxww2adxdn5v-go-1.24.4"
        }
      }
    },
    "golangci-lint@latest": {
      "last_modified": "2025-06-20T02:24:11Z",
      "resolved": "github:NixOS/nixpkgs/076e8c6678d8c54204abcb4b1b14c366835a58bb#golangci-lint",
      "source": "devbox-search",
      "version": "2.1.6",
      "systems": {
        "aarch64-darwin": {
          "outputs": [
            {
              "name": "out",
              "path": "/nix/store/5z49nhvzp7i2p66w5kcc6gp88mf6ykm2-golangci-lint-2.1.6",
              "default": true
            }
          ],
          "store_path": "/nix/store/5z49nhvzp7i2p66w5kcc6gp88mf6ykm2-golangci-lint-2.1.6"
        },
        "aarch64-linux": {
          "outputs": [
            {
              "name": "out",
              "path": "/nix/store/xzgnibdhl6n685dhf51bpnvk54scq73b-golangci-lint-2.1.6",
              "default": true
            }
          ],
          "store_path": "/nix/store/xzgnibdhl6n685dhf51bpnvk54scq73b-golangci-lint-2.1.6"
        },
        "x86_64-darwin": {
          "outputs": [
            {
              "name": "out",
              "path": "/nix/store/np9mm9awpdf0sf8yxfa6bx79b4khx9yy-golangci-lint-2.1.6",
              "default": true
            }
          ],
          "store_path": "/nix/store/np9mm9awpdf0sf8yxfa6bx79b4khx9yy-golangci-lint-2.1.6"
        },
        "x86_64-linux": {
          "outputs": [
            {
              "name": "out",
              "path": "/nix/store/drzafhdvgw211wf6rrm0wq7wf0g47m8j-golangci-lint-2.1.6",
              "default": true
            }
          ],
          "store_path": "/nix/store/drzafhdvgw211wf6rrm0wq7wf0g47m8j-golangci-lint-2.1.6"
        }
      }
    },
    "govulncheck@latest": {
      "last_modified": "2025-06-20T02:24:11Z",
      "resolved": "github:NixOS/nixpkgs/076e8c6678d8c54204abcb4b1b14c366835a58bb#govulncheck",
      "source": "devbox-search",
      "version": "1.1.4",
      "systems": {
        "aarch64-darwin": {
          "outputs": [
            {
              "name": "out",
              "path": "/nix/store/3sibk0xay3jncsayvk9bh3bb0wiqib2r-govulncheck-1.1.4",
              "default": true
            }
          ],
          "store_path": "/nix/store/3sibk0xay3jncsayvk9bh3bb0wiqib2r-govulncheck-1.1.4"
        },
        "aarch64-linux": {
          "outputs": [
            {
              "name": "out",
              "path": "/nix/store/f90gg124a216wlgqdkdbdqq4pghmi4li-govulncheck-1.1.4",
              "default": true
            }
          ],
          "store_path": "/nix/store/f90gg124a216wlgqdkdbdqq4pghmi4li-govulncheck-1.1.4"
        },
        "x86_64-darwin": {
          "outputs": [
            {
              "name": "out",
              "path": "/nix/store/fcfpbi757yhx440d5waay0p883jzanp3-govulncheck-1.1.4",
              "default": true
            }
          ],
          "store_path": "/nix/store/fcfpbi757yhx440d5waay0p883jzanp3-govulncheck-1.1.4"
        },
        "x86_64-linux": {
          "outputs": [
            {
              "name": "out",
              "path": "/nix/store/6fqrxllrx6b0s4jib7pwcq38nbihqd9p-govulncheck-1.1.4",
              "default": true
            }
          ],
          "store_path": "/nix/store/6fqrxllrx6b0s4jib7pwcq38nbihqd9p-govulncheck-1.1.4"
        }
      }
    },
    "lefthook@latest": {
      "last_modified": "2025-06-20T02:24:11Z",
      "resolved": "github:NixOS/nixpkgs/076e8c6678d8c54204abcb4b1b14c366835a58bb#lefthook",
      "source": "devbox-search",
      "version": "1.11.14",
      "systems": {
        "aarch64-darwin": {
          "outputs": [
            {
              "name": "out",
              "path": "/nix/store/qiqc3qbbi0axywhkx197n4dx4ix0sv8p-lefthook-1.11.14",
              "default": true
            }
          ],
          "store_path": "/nix/store/qiqc3qbbi0axywhkx197n4dx4ix0sv8p-lefthook-1.11.14"
        },
        "aarch64-linux": {
          "outputs": [
            {
              "name": "out",
              "path": "/nix/store/bgq3bg127kcivnk69m2cv3i01qd92z4c-lefthook-1.11.14",
              "default": true
            }
          ],
          "store_path": "/nix/store/bgq3bg127kcivnk69m2cv3i01qd92z4c-lefthook-1.11.14"
        },
        "x86_64-darwin": {
          "outputs": [
            {
              "name": "out",
              "path": "/nix/store/24hpazq8mnmzfhasl2q814s0gz8n0l7a-lefthook-1.11.14",
              "default": true
            }
          ],
          "store_path": "/nix/store/24hpazq8mnmzfhasl2q814s0gz8n0l7a-lefthook-1.11.14"
        },
        "x86_64-linux": {
          "outputs": [
            {
              "name": "out",
              "path": "/nix/store/f8bm1qmj7zqlvnk1952ybv3aai0mfwyq-lefthook-1.11.14",
              "default": true
            }
          ],
          "store_path": "/nix/store/f8bm1qmj7zqlvnk1952ybv3aai0mfwyq-lefthook-1.11.14"
        }
      }
    },
    "sqlc@latest": {
      "last_modified": "2025-06-20T02:24:11Z",
      "resolved": "github:NixOS/nixpkgs/076e8c6678d8c54204abcb4b1b14c366835a58bb#sqlc",
      "source": "devbox-search",
      "version": "1.29.0",
      "systems": {
        "aarch64-darwin": {
          "outputs": [
            {
              "name": "out",
              "path": "/nix/store/b64c7hc74s4y69nw7m2nm0lw6v4017qc-sqlc-1.29.0",
              "default": true
            }
          ],
          "store_path": "/nix/store/b64c7hc74s4y69nw7m2nm0lw6v4017qc-sqlc-1.29.0"
        },
        "aarch64-linux": {
          "outputs": [
            {
              "name": "out",
              "path": "/nix/store/hzcgqj9da29pz7xs0v7ls3rfmyj7yamh-sqlc-1.29.0",
              "default": true
            }
          ],
          "store_path": "/nix/store/hzcgqj9da29pz7xs0v7ls3rfmyj7yamh-sqlc-1.29.0"
        },
        "x86_64-darwin": {
          "outputs": [
            {
              "name": "out",
              "path": "/nix/store/q1d4hlqvs0yp0dgbsripljvi5wpl06qn-sqlc-1.29.0",
              "default": true
            }
          ],
          "store_path": "/nix/store/q1d4hlqvs0yp0dgbsripljvi5wpl06qn-sqlc-1.29.0"
        },
        "x86_64-linux": {
          "outputs": [
            {
              "name": "out",
              "path": "/nix/store/hqnlyn149iby5jw95hsab9f2w7rqi2ny-sqlc-1.29.0",
              "default": true
            }
          ],
          "store_path": "/nix/store/hqnlyn149iby5jw95hsab9f2w7rqi2ny-sqlc-1.29.0"
        }
      }
    }
  }
}
